// !$*UTF8*$!
{
	archiveVersion = 1;
	classes = {
	};
	objectVersion = 46;
	objects = {

/* Begin PBXBuildFile section */
		24134E6F184C28760062A115 /* bitstream.c in Sources */ = {isa = PBXBuildFile; fileRef = 24134E59184C28760062A115 /* bitstream.c */; };
		24134E70184C28760062A115 /* mask.c in Sources */ = {isa = PBXBuildFile; fileRef = 24134E5B184C28760062A115 /* mask.c */; };
		24134E71184C28760062A115 /* QRCodeGenerator.m in Sources */ = {isa = PBXBuildFile; fileRef = 24134E5E184C28760062A115 /* QRCodeGenerator.m */; };
		24134E72184C28760062A115 /* qrencode.c in Sources */ = {isa = PBXBuildFile; fileRef = 24134E5F184C28760062A115 /* qrencode.c */; };
		24134E73184C28760062A115 /* qrinput.c in Sources */ = {isa = PBXBuildFile; fileRef = 24134E61184C28760062A115 /* qrinput.c */; };
		24134E74184C28760062A115 /* qrspec.c in Sources */ = {isa = PBXBuildFile; fileRef = 24134E63184C28760062A115 /* qrspec.c */; };
		24134E75184C28760062A115 /* rscode.c in Sources */ = {isa = PBXBuildFile; fileRef = 24134E65184C28760062A115 /* rscode.c */; };
		24134E76184C28760062A115 /* split.c in Sources */ = {isa = PBXBuildFile; fileRef = 24134E67184C28760062A115 /* split.c */; };
		24134E77184C28760062A115 /* libzbar.a in Frameworks */ = {isa = PBXBuildFile; fileRef = 24134E69184C28760062A115 /* libzbar.a */; };
		24134E78184C28760062A115 /* zbar-back.png in Resources */ = {isa = PBXBuildFile; fileRef = 24134E6B184C28760062A115 /* zbar-back.png */; };
		24134E79184C28760062A115 /* zbar-help.html in Resources */ = {isa = PBXBuildFile; fileRef = 24134E6C184C28760062A115 /* zbar-help.html */; };
		24134E7A184C28760062A115 /* zbar-helpicons.png in Resources */ = {isa = PBXBuildFile; fileRef = 24134E6D184C28760062A115 /* zbar-helpicons.png */; };
		24134E7B184C28760062A115 /* zbar-samples.png in Resources */ = {isa = PBXBuildFile; fileRef = 24134E6E184C28760062A115 /* zbar-samples.png */; };
		24134E7D184C28890062A115 /* QuartzCore.framework in Frameworks */ = {isa = PBXBuildFile; fileRef = 24134E7C184C28890062A115 /* QuartzCore.framework */; };
		24134E7F184C28950062A115 /* CoreMedia.framework in Frameworks */ = {isa = PBXBuildFile; fileRef = 24134E7E184C28950062A115 /* CoreMedia.framework */; };
		24134E81184C289D0062A115 /* CoreVideo.framework in Frameworks */ = {isa = PBXBuildFile; fileRef = 24134E80184C289D0062A115 /* CoreVideo.framework */; };
		24134E83184C28AD0062A115 /* libiconv.dylib in Frameworks */ = {isa = PBXBuildFile; fileRef = 24134E82184C28AD0062A115 /* libiconv.dylib */; };
		2427665C184869F900B2E158 /* Foundation.framework in Frameworks */ = {isa = PBXBuildFile; fileRef = 2427665B184869F900B2E158 /* Foundation.framework */; };
		2427665E184869F900B2E158 /* CoreGraphics.framework in Frameworks */ = {isa = PBXBuildFile; fileRef = 2427665D184869F900B2E158 /* CoreGraphics.framework */; };
		24276660184869F900B2E158 /* UIKit.framework in Frameworks */ = {isa = PBXBuildFile; fileRef = 2427665F184869F900B2E158 /* UIKit.framework */; };
		24276666184869F900B2E158 /* InfoPlist.strings in Resources */ = {isa = PBXBuildFile; fileRef = 24276664184869F900B2E158 /* InfoPlist.strings */; };
		24276668184869F900B2E158 /* main.m in Sources */ = {isa = PBXBuildFile; fileRef = 24276667184869F900B2E158 /* main.m */; };
		2427666C184869F900B2E158 /* AppDelegate.m in Sources */ = {isa = PBXBuildFile; fileRef = 2427666B184869F900B2E158 /* AppDelegate.m */; };
		2427666E184869F900B2E158 /* Images.xcassets in Resources */ = {isa = PBXBuildFile; fileRef = 2427666D184869F900B2E158 /* Images.xcassets */; };
		24276675184869F900B2E158 /* XCTest.framework in Frameworks */ = {isa = PBXBuildFile; fileRef = 24276674184869F900B2E158 /* XCTest.framework */; };
		24276676184869F900B2E158 /* Foundation.framework in Frameworks */ = {isa = PBXBuildFile; fileRef = 2427665B184869F900B2E158 /* Foundation.framework */; };
		24276677184869F900B2E158 /* UIKit.framework in Frameworks */ = {isa = PBXBuildFile; fileRef = 2427665F184869F900B2E158 /* UIKit.framework */; };
		2427667F184869F900B2E158 /* InfoPlist.strings in Resources */ = {isa = PBXBuildFile; fileRef = 2427667D184869F900B2E158 /* InfoPlist.strings */; };
		24276681184869F900B2E158 /* NewProjectTests.m in Sources */ = {isa = PBXBuildFile; fileRef = 24276680184869F900B2E158 /* NewProjectTests.m */; };
		2427668C18486A0700B2E158 /* RootViewController.m in Sources */ = {isa = PBXBuildFile; fileRef = 2427668B18486A0700B2E158 /* RootViewController.m */; };
		2427668E18486A3C00B2E158 /* AVFoundation.framework in Frameworks */ = {isa = PBXBuildFile; fileRef = 2427668D18486A3C00B2E158 /* AVFoundation.framework */; };
		2427669118487A9900B2E158 /* ViewController.m in Sources */ = {isa = PBXBuildFile; fileRef = 2427669018487A9900B2E158 /* ViewController.m */; };
		2489438418489614009BFAC3 /* line@2x.png in Resources */ = {isa = PBXBuildFile; fileRef = 2489438218489614009BFAC3 /* line@2x.png */; };
		2489438518489614009BFAC3 /* pick_bg@2x.png in Resources */ = {isa = PBXBuildFile; fileRef = 2489438318489614009BFAC3 /* pick_bg@2x.png */; };
/* End PBXBuildFile section */

/* Begin PBXContainerItemProxy section */
		24276678184869F900B2E158 /* PBXContainerItemProxy */ = {
			isa = PBXContainerItemProxy;
			containerPortal = 24276650184869F900B2E158 /* Project object */;
			proxyType = 1;
			remoteGlobalIDString = 24276657184869F900B2E158;
			remoteInfo = NewProject;
		};
/* End PBXContainerItemProxy section */

/* Begin PBXFileReference section */
		24134E44184C28760062A115 /* Decoder.h */ = {isa = PBXFileReference; fileEncoding = 4; lastKnownFileType = sourcecode.c.h; path = Decoder.h; sourceTree = "<group>"; };
		24134E45184C28760062A115 /* Exception.h */ = {isa = PBXFileReference; fileEncoding = 4; lastKnownFileType = sourcecode.c.h; path = Exception.h; sourceTree = "<group>"; };
		24134E46184C28760062A115 /* Image.h */ = {isa = PBXFileReference; fileEncoding = 4; lastKnownFileType = sourcecode.c.h; path = Image.h; sourceTree = "<group>"; };
		24134E47184C28760062A115 /* ImageScanner.h */ = {isa = PBXFileReference; fileEncoding = 4; lastKnownFileType = sourcecode.c.h; path = ImageScanner.h; sourceTree = "<group>"; };
		24134E48184C28760062A115 /* Processor.h */ = {isa = PBXFileReference; fileEncoding = 4; lastKnownFileType = sourcecode.c.h; path = Processor.h; sourceTree = "<group>"; };
		24134E49184C28760062A115 /* Scanner.h */ = {isa = PBXFileReference; fileEncoding = 4; lastKnownFileType = sourcecode.c.h; path = Scanner.h; sourceTree = "<group>"; };
		24134E4A184C28760062A115 /* Symbol.h */ = {isa = PBXFileReference; fileEncoding = 4; lastKnownFileType = sourcecode.c.h; path = Symbol.h; sourceTree = "<group>"; };
		24134E4B184C28760062A115 /* Video.h */ = {isa = PBXFileReference; fileEncoding = 4; lastKnownFileType = sourcecode.c.h; path = Video.h; sourceTree = "<group>"; };
		24134E4C184C28760062A115 /* Window.h */ = {isa = PBXFileReference; fileEncoding = 4; lastKnownFileType = sourcecode.c.h; path = Window.h; sourceTree = "<group>"; };
		24134E4D184C28760062A115 /* zbar.h */ = {isa = PBXFileReference; fileEncoding = 4; lastKnownFileType = sourcecode.c.h; path = zbar.h; sourceTree = "<group>"; };
		24134E4E184C28760062A115 /* ZBarCameraSimulator.h */ = {isa = PBXFileReference; fileEncoding = 4; lastKnownFileType = sourcecode.c.h; path = ZBarCameraSimulator.h; sourceTree = "<group>"; };
		24134E4F184C28760062A115 /* ZBarCaptureReader.h */ = {isa = PBXFileReference; fileEncoding = 4; lastKnownFileType = sourcecode.c.h; path = ZBarCaptureReader.h; sourceTree = "<group>"; };
		24134E50184C28760062A115 /* ZBarHelpController.h */ = {isa = PBXFileReference; fileEncoding = 4; lastKnownFileType = sourcecode.c.h; path = ZBarHelpController.h; sourceTree = "<group>"; };
		24134E51184C28760062A115 /* ZBarImage.h */ = {isa = PBXFileReference; fileEncoding = 4; lastKnownFileType = sourcecode.c.h; path = ZBarImage.h; sourceTree = "<group>"; };
		24134E52184C28760062A115 /* ZBarImageScanner.h */ = {isa = PBXFileReference; fileEncoding = 4; lastKnownFileType = sourcecode.c.h; path = ZBarImageScanner.h; sourceTree = "<group>"; };
		24134E53184C28760062A115 /* ZBarReaderController.h */ = {isa = PBXFileReference; fileEncoding = 4; lastKnownFileType = sourcecode.c.h; path = ZBarReaderController.h; sourceTree = "<group>"; };
		24134E54184C28760062A115 /* ZBarReaderView.h */ = {isa = PBXFileReference; fileEncoding = 4; lastKnownFileType = sourcecode.c.h; path = ZBarReaderView.h; sourceTree = "<group>"; };
		24134E55184C28760062A115 /* ZBarReaderViewController.h */ = {isa = PBXFileReference; fileEncoding = 4; lastKnownFileType = sourcecode.c.h; path = ZBarReaderViewController.h; sourceTree = "<group>"; };
		24134E56184C28760062A115 /* ZBarSDK.h */ = {isa = PBXFileReference; fileEncoding = 4; lastKnownFileType = sourcecode.c.h; path = ZBarSDK.h; sourceTree = "<group>"; };
		24134E57184C28760062A115 /* ZBarSymbol.h */ = {isa = PBXFileReference; fileEncoding = 4; lastKnownFileType = sourcecode.c.h; path = ZBarSymbol.h; sourceTree = "<group>"; };
		24134E59184C28760062A115 /* bitstream.c */ = {isa = PBXFileReference; fileEncoding = 4; lastKnownFileType = sourcecode.c.c; path = bitstream.c; sourceTree = "<group>"; };
		24134E5A184C28760062A115 /* bitstream.h */ = {isa = PBXFileReference; fileEncoding = 4; lastKnownFileType = sourcecode.c.h; path = bitstream.h; sourceTree = "<group>"; };
		24134E5B184C28760062A115 /* mask.c */ = {isa = PBXFileReference; fileEncoding = 4; lastKnownFileType = sourcecode.c.c; path = mask.c; sourceTree = "<group>"; };
		24134E5C184C28760062A115 /* mask.h */ = {isa = PBXFileReference; fileEncoding = 4; lastKnownFileType = sourcecode.c.h; path = mask.h; sourceTree = "<group>"; };
		24134E5D184C28760062A115 /* QRCodeGenerator.h */ = {isa = PBXFileReference; fileEncoding = 4; lastKnownFileType = sourcecode.c.h; path = QRCodeGenerator.h; sourceTree = "<group>"; };
		24134E5E184C28760062A115 /* QRCodeGenerator.m */ = {isa = PBXFileReference; fileEncoding = 4; lastKnownFileType = sourcecode.c.objc; path = QRCodeGenerator.m; sourceTree = "<group>"; };
		24134E5F184C28760062A115 /* qrencode.c */ = {isa = PBXFileReference; fileEncoding = 4; lastKnownFileType = sourcecode.c.c; path = qrencode.c; sourceTree = "<group>"; };
		24134E60184C28760062A115 /* qrencode.h */ = {isa = PBXFileReference; fileEncoding = 4; lastKnownFileType = sourcecode.c.h; path = qrencode.h; sourceTree = "<group>"; };
		24134E61184C28760062A115 /* qrinput.c */ = {isa = PBXFileReference; fileEncoding = 4; lastKnownFileType = sourcecode.c.c; path = qrinput.c; sourceTree = "<group>"; };
		24134E62184C28760062A115 /* qrinput.h */ = {isa = PBXFileReference; fileEncoding = 4; lastKnownFileType = sourcecode.c.h; path = qrinput.h; sourceTree = "<group>"; };
		24134E63184C28760062A115 /* qrspec.c */ = {isa = PBXFileReference; fileEncoding = 4; lastKnownFileType = sourcecode.c.c; path = qrspec.c; sourceTree = "<group>"; };
		24134E64184C28760062A115 /* qrspec.h */ = {isa = PBXFileReference; fileEncoding = 4; lastKnownFileType = sourcecode.c.h; path = qrspec.h; sourceTree = "<group>"; };
		24134E65184C28760062A115 /* rscode.c */ = {isa = PBXFileReference; fileEncoding = 4; lastKnownFileType = sourcecode.c.c; path = rscode.c; sourceTree = "<group>"; };
		24134E66184C28760062A115 /* rscode.h */ = {isa = PBXFileReference; fileEncoding = 4; lastKnownFileType = sourcecode.c.h; path = rscode.h; sourceTree = "<group>"; };
		24134E67184C28760062A115 /* split.c */ = {isa = PBXFileReference; fileEncoding = 4; lastKnownFileType = sourcecode.c.c; path = split.c; sourceTree = "<group>"; };
		24134E68184C28760062A115 /* split.h */ = {isa = PBXFileReference; fileEncoding = 4; lastKnownFileType = sourcecode.c.h; path = split.h; sourceTree = "<group>"; };
		24134E69184C28760062A115 /* libzbar.a */ = {isa = PBXFileReference; lastKnownFileType = archive.ar; path = libzbar.a; sourceTree = "<group>"; };
		24134E6B184C28760062A115 /* zbar-back.png */ = {isa = PBXFileReference; lastKnownFileType = image.png; path = "zbar-back.png"; sourceTree = "<group>"; };
		24134E6C184C28760062A115 /* zbar-help.html */ = {isa = PBXFileReference; fileEncoding = 4; lastKnownFileType = text.html; path = "zbar-help.html"; sourceTree = "<group>"; };
		24134E6D184C28760062A115 /* zbar-helpicons.png */ = {isa = PBXFileReference; lastKnownFileType = image.png; path = "zbar-helpicons.png"; sourceTree = "<group>"; };
		24134E6E184C28760062A115 /* zbar-samples.png */ = {isa = PBXFileReference; lastKnownFileType = image.png; path = "zbar-samples.png"; sourceTree = "<group>"; };
		24134E7C184C28890062A115 /* QuartzCore.framework */ = {isa = PBXFileReference; lastKnownFileType = wrapper.framework; name = QuartzCore.framework; path = System/Library/Frameworks/QuartzCore.framework; sourceTree = SDKROOT; };
		24134E7E184C28950062A115 /* CoreMedia.framework */ = {isa = PBXFileReference; lastKnownFileType = wrapper.framework; name = CoreMedia.framework; path = System/Library/Frameworks/CoreMedia.framework; sourceTree = SDKROOT; };
		24134E80184C289D0062A115 /* CoreVideo.framework */ = {isa = PBXFileReference; lastKnownFileType = wrapper.framework; name = CoreVideo.framework; path = System/Library/Frameworks/CoreVideo.framework; sourceTree = SDKROOT; };
		24134E82184C28AD0062A115 /* libiconv.dylib */ = {isa = PBXFileReference; lastKnownFileType = "compiled.mach-o.dylib"; name = libiconv.dylib; path = usr/lib/libiconv.dylib; sourceTree = SDKROOT; };
		24276658184869F900B2E158 /* NewProject.app */ = {isa = PBXFileReference; explicitFileType = wrapper.application; includeInIndex = 0; path = NewProject.app; sourceTree = BUILT_PRODUCTS_DIR; };
		2427665B184869F900B2E158 /* Foundation.framework */ = {isa = PBXFileReference; lastKnownFileType = wrapper.framework; name = Foundation.framework; path = System/Library/Frameworks/Foundation.framework; sourceTree = SDKROOT; };
		2427665D184869F900B2E158 /* CoreGraphics.framework */ = {isa = PBXFileReference; lastKnownFileType = wrapper.framework; name = CoreGraphics.framework; path = System/Library/Frameworks/CoreGraphics.framework; sourceTree = SDKROOT; };
		2427665F184869F900B2E158 /* UIKit.framework */ = {isa = PBXFileReference; lastKnownFileType = wrapper.framework; name = UIKit.framework; path = System/Library/Frameworks/UIKit.framework; sourceTree = SDKROOT; };
		24276663184869F900B2E158 /* NewProject-Info.plist */ = {isa = PBXFileReference; lastKnownFileType = text.plist.xml; path = "NewProject-Info.plist"; sourceTree = "<group>"; };
		24276665184869F900B2E158 /* en */ = {isa = PBXFileReference; lastKnownFileType = text.plist.strings; name = en; path = en.lproj/InfoPlist.strings; sourceTree = "<group>"; };
		24276667184869F900B2E158 /* main.m */ = {isa = PBXFileReference; lastKnownFileType = sourcecode.c.objc; path = main.m; sourceTree = "<group>"; };
		24276669184869F900B2E158 /* NewProject-Prefix.pch */ = {isa = PBXFileReference; lastKnownFileType = sourcecode.c.h; path = "NewProject-Prefix.pch"; sourceTree = "<group>"; };
		2427666A184869F900B2E158 /* AppDelegate.h */ = {isa = PBXFileReference; lastKnownFileType = sourcecode.c.h; path = AppDelegate.h; sourceTree = "<group>"; };
		2427666B184869F900B2E158 /* AppDelegate.m */ = {isa = PBXFileReference; lastKnownFileType = sourcecode.c.objc; path = AppDelegate.m; sourceTree = "<group>"; };
		2427666D184869F900B2E158 /* Images.xcassets */ = {isa = PBXFileReference; lastKnownFileType = folder.assetcatalog; path = Images.xcassets; sourceTree = "<group>"; };
		24276673184869F900B2E158 /* NewProjectTests.xctest */ = {isa = PBXFileReference; explicitFileType = wrapper.cfbundle; includeInIndex = 0; path = NewProjectTests.xctest; sourceTree = BUILT_PRODUCTS_DIR; };
		24276674184869F900B2E158 /* XCTest.framework */ = {isa = PBXFileReference; lastKnownFileType = wrapper.framework; name = XCTest.framework; path = Library/Frameworks/XCTest.framework; sourceTree = DEVELOPER_DIR; };
		2427667C184869F900B2E158 /* NewProjectTests-Info.plist */ = {isa = PBXFileReference; lastKnownFileType = text.plist.xml; path = "NewProjectTests-Info.plist"; sourceTree = "<group>"; };
		2427667E184869F900B2E158 /* en */ = {isa = PBXFileReference; lastKnownFileType = text.plist.strings; name = en; path = en.lproj/InfoPlist.strings; sourceTree = "<group>"; };
		24276680184869F900B2E158 /* NewProjectTests.m */ = {isa = PBXFileReference; lastKnownFileType = sourcecode.c.objc; path = NewProjectTests.m; sourceTree = "<group>"; };
		2427668A18486A0700B2E158 /* RootViewController.h */ = {isa = PBXFileReference; fileEncoding = 4; lastKnownFileType = sourcecode.c.h; path = RootViewController.h; sourceTree = "<group>"; };
		2427668B18486A0700B2E158 /* RootViewController.m */ = {isa = PBXFileReference; fileEncoding = 4; lastKnownFileType = sourcecode.c.objc; path = RootViewController.m; sourceTree = "<group>"; };
		2427668D18486A3C00B2E158 /* AVFoundation.framework */ = {isa = PBXFileReference; lastKnownFileType = wrapper.framework; name = AVFoundation.framework; path = System/Library/Frameworks/AVFoundation.framework; sourceTree = SDKROOT; };
		2427668F18487A9900B2E158 /* ViewController.h */ = {isa = PBXFileReference; fileEncoding = 4; lastKnownFileType = sourcecode.c.h; path = ViewController.h; sourceTree = "<group>"; };
		2427669018487A9900B2E158 /* ViewController.m */ = {isa = PBXFileReference; fileEncoding = 4; lastKnownFileType = sourcecode.c.objc; path = ViewController.m; sourceTree = "<group>"; };
		2489438218489614009BFAC3 /* line@2x.png */ = {isa = PBXFileReference; lastKnownFileType = image.png; path = "line@2x.png"; sourceTree = "<group>"; };
		2489438318489614009BFAC3 /* pick_bg@2x.png */ = {isa = PBXFileReference; lastKnownFileType = image.png; path = "pick_bg@2x.png"; sourceTree = "<group>"; };
/* End PBXFileReference section */

/* Begin PBXFrameworksBuildPhase section */
		24276655184869F900B2E158 /* Frameworks */ = {
			isa = PBXFrameworksBuildPhase;
			buildActionMask = 2147483647;
			files = (
				24134E83184C28AD0062A115 /* libiconv.dylib in Frameworks */,
				24134E81184C289D0062A115 /* CoreVideo.framework in Frameworks */,
				24134E7F184C28950062A115 /* CoreMedia.framework in Frameworks */,
				2427668E18486A3C00B2E158 /* AVFoundation.framework in Frameworks */,
				24134E7D184C28890062A115 /* QuartzCore.framework in Frameworks */,
				2427665E184869F900B2E158 /* CoreGraphics.framework in Frameworks */,
				24134E77184C28760062A115 /* libzbar.a in Frameworks */,
				24276660184869F900B2E158 /* UIKit.framework in Frameworks */,
				2427665C184869F900B2E158 /* Foundation.framework in Frameworks */,
			);
			runOnlyForDeploymentPostprocessing = 0;
		};
		24276670184869F900B2E158 /* Frameworks */ = {
			isa = PBXFrameworksBuildPhase;
			buildActionMask = 2147483647;
			files = (
				24276675184869F900B2E158 /* XCTest.framework in Frameworks */,
				24276677184869F900B2E158 /* UIKit.framework in Frameworks */,
				24276676184869F900B2E158 /* Foundation.framework in Frameworks */,
			);
			runOnlyForDeploymentPostprocessing = 0;
		};
/* End PBXFrameworksBuildPhase section */

/* Begin PBXGroup section */
		24134E40184C28760062A115 /* ZBarSDK */ = {
			isa = PBXGroup;
			children = (
				24134E41184C28760062A115 /* Headers */,
				24134E58184C28760062A115 /* libqrencode */,
				24134E69184C28760062A115 /* libzbar.a */,
				24134E6A184C28760062A115 /* Resources */,
			);
			path = ZBarSDK;
			sourceTree = "<group>";
		};
		24134E41184C28760062A115 /* Headers */ = {
			isa = PBXGroup;
			children = (
				24134E42184C28760062A115 /* ZBarSDK */,
			);
			path = Headers;
			sourceTree = "<group>";
		};
		24134E42184C28760062A115 /* ZBarSDK */ = {
			isa = PBXGroup;
			children = (
				24134E43184C28760062A115 /* zbar */,
				24134E4D184C28760062A115 /* zbar.h */,
				24134E4E184C28760062A115 /* ZBarCameraSimulator.h */,
				24134E4F184C28760062A115 /* ZBarCaptureReader.h */,
				24134E50184C28760062A115 /* ZBarHelpController.h */,
				24134E51184C28760062A115 /* ZBarImage.h */,
				24134E52184C28760062A115 /* ZBarImageScanner.h */,
				24134E53184C28760062A115 /* ZBarReaderController.h */,
				24134E54184C28760062A115 /* ZBarReaderView.h */,
				24134E55184C28760062A115 /* ZBarReaderViewController.h */,
				24134E56184C28760062A115 /* ZBarSDK.h */,
				24134E57184C28760062A115 /* ZBarSymbol.h */,
			);
			path = ZBarSDK;
			sourceTree = "<group>";
		};
		24134E43184C28760062A115 /* zbar */ = {
			isa = PBXGroup;
			children = (
				24134E44184C28760062A115 /* Decoder.h */,
				24134E45184C28760062A115 /* Exception.h */,
				24134E46184C28760062A115 /* Image.h */,
				24134E47184C28760062A115 /* ImageScanner.h */,
				24134E48184C28760062A115 /* Processor.h */,
				24134E49184C28760062A115 /* Scanner.h */,
				24134E4A184C28760062A115 /* Symbol.h */,
				24134E4B184C28760062A115 /* Video.h */,
				24134E4C184C28760062A115 /* Window.h */,
			);
			path = zbar;
			sourceTree = "<group>";
		};
		24134E58184C28760062A115 /* libqrencode */ = {
			isa = PBXGroup;
			children = (
				24134E59184C28760062A115 /* bitstream.c */,
				24134E5A184C28760062A115 /* bitstream.h */,
				24134E5B184C28760062A115 /* mask.c */,
				24134E5C184C28760062A115 /* mask.h */,
				24134E5D184C28760062A115 /* QRCodeGenerator.h */,
				24134E5E184C28760062A115 /* QRCodeGenerator.m */,
				24134E5F184C28760062A115 /* qrencode.c */,
				24134E60184C28760062A115 /* qrencode.h */,
				24134E61184C28760062A115 /* qrinput.c */,
				24134E62184C28760062A115 /* qrinput.h */,
				24134E63184C28760062A115 /* qrspec.c */,
				24134E64184C28760062A115 /* qrspec.h */,
				24134E65184C28760062A115 /* rscode.c */,
				24134E66184C28760062A115 /* rscode.h */,
				24134E67184C28760062A115 /* split.c */,
				24134E68184C28760062A115 /* split.h */,
			);
			path = libqrencode;
			sourceTree = "<group>";
		};
		24134E6A184C28760062A115 /* Resources */ = {
			isa = PBXGroup;
			children = (
				24134E6B184C28760062A115 /* zbar-back.png */,
				24134E6C184C28760062A115 /* zbar-help.html */,
				24134E6D184C28760062A115 /* zbar-helpicons.png */,
				24134E6E184C28760062A115 /* zbar-samples.png */,
			);
			path = Resources;
			sourceTree = "<group>";
		};
		2427664F184869F900B2E158 = {
			isa = PBXGroup;
			children = (
				24134E40184C28760062A115 /* ZBarSDK */,
				2489438218489614009BFAC3 /* line@2x.png */,
				2489438318489614009BFAC3 /* pick_bg@2x.png */,
				24276661184869F900B2E158 /* NewProject */,
				2427667A184869F900B2E158 /* NewProjectTests */,
				2427665A184869F900B2E158 /* Frameworks */,
				24276659184869F900B2E158 /* Products */,
			);
			sourceTree = "<group>";
		};
		24276659184869F900B2E158 /* Products */ = {
			isa = PBXGroup;
			children = (
				24276658184869F900B2E158 /* NewProject.app */,
				24276673184869F900B2E158 /* NewProjectTests.xctest */,
			);
			name = Products;
			sourceTree = "<group>";
		};
		2427665A184869F900B2E158 /* Frameworks */ = {
			isa = PBXGroup;
			children = (
				24134E82184C28AD0062A115 /* libiconv.dylib */,
				24134E80184C289D0062A115 /* CoreVideo.framework */,
				24134E7E184C28950062A115 /* CoreMedia.framework */,
				24134E7C184C28890062A115 /* QuartzCore.framework */,
				2427668D18486A3C00B2E158 /* AVFoundation.framework */,
				2427665B184869F900B2E158 /* Foundation.framework */,
				2427665D184869F900B2E158 /* CoreGraphics.framework */,
				2427665F184869F900B2E158 /* UIKit.framework */,
				24276674184869F900B2E158 /* XCTest.framework */,
			);
			name = Frameworks;
			sourceTree = "<group>";
		};
		24276661184869F900B2E158 /* NewProject */ = {
			isa = PBXGroup;
			children = (
				2427666A184869F900B2E158 /* AppDelegate.h */,
				2427666B184869F900B2E158 /* AppDelegate.m */,
				2427668F18487A9900B2E158 /* ViewController.h */,
				2427669018487A9900B2E158 /* ViewController.m */,
				2427668A18486A0700B2E158 /* RootViewController.h */,
				2427668B18486A0700B2E158 /* RootViewController.m */,
				2427666D184869F900B2E158 /* Images.xcassets */,
				24276662184869F900B2E158 /* Supporting Files */,
			);
			path = NewProject;
			sourceTree = "<group>";
		};
		24276662184869F900B2E158 /* Supporting Files */ = {
			isa = PBXGroup;
			children = (
				24276663184869F900B2E158 /* NewProject-Info.plist */,
				24276664184869F900B2E158 /* InfoPlist.strings */,
				24276667184869F900B2E158 /* main.m */,
				24276669184869F900B2E158 /* NewProject-Prefix.pch */,
			);
			name = "Supporting Files";
			sourceTree = "<group>";
		};
		2427667A184869F900B2E158 /* NewProjectTests */ = {
			isa = PBXGroup;
			children = (
				24276680184869F900B2E158 /* NewProjectTests.m */,
				2427667B184869F900B2E158 /* Supporting Files */,
			);
			path = NewProjectTests;
			sourceTree = "<group>";
		};
		2427667B184869F900B2E158 /* Supporting Files */ = {
			isa = PBXGroup;
			children = (
				2427667C184869F900B2E158 /* NewProjectTests-Info.plist */,
				2427667D184869F900B2E158 /* InfoPlist.strings */,
			);
			name = "Supporting Files";
			sourceTree = "<group>";
		};
/* End PBXGroup section */

/* Begin PBXNativeTarget section */
		24276657184869F900B2E158 /* NewProject */ = {
			isa = PBXNativeTarget;
			buildConfigurationList = 24276684184869F900B2E158 /* Build configuration list for PBXNativeTarget "NewProject" */;
			buildPhases = (
				24276654184869F900B2E158 /* Sources */,
				24276655184869F900B2E158 /* Frameworks */,
				24276656184869F900B2E158 /* Resources */,
			);
			buildRules = (
			);
			dependencies = (
			);
			name = NewProject;
			productName = NewProject;
			productReference = 24276658184869F900B2E158 /* NewProject.app */;
			productType = "com.apple.product-type.application";
		};
		24276672184869F900B2E158 /* NewProjectTests */ = {
			isa = PBXNativeTarget;
			buildConfigurationList = 24276687184869F900B2E158 /* Build configuration list for PBXNativeTarget "NewProjectTests" */;
			buildPhases = (
				2427666F184869F900B2E158 /* Sources */,
				24276670184869F900B2E158 /* Frameworks */,
				24276671184869F900B2E158 /* Resources */,
			);
			buildRules = (
			);
			dependencies = (
				24276679184869F900B2E158 /* PBXTargetDependency */,
			);
			name = NewProjectTests;
			productName = NewProjectTests;
			productReference = 24276673184869F900B2E158 /* NewProjectTests.xctest */;
			productType = "com.apple.product-type.bundle.unit-test";
		};
/* End PBXNativeTarget section */

/* Begin PBXProject section */
		24276650184869F900B2E158 /* Project object */ = {
			isa = PBXProject;
			attributes = {
				LastUpgradeCheck = 0500;
				ORGANIZATIONNAME = Steven;
				TargetAttributes = {
					24276672184869F900B2E158 = {
						TestTargetID = 24276657184869F900B2E158;
					};
				};
			};
			buildConfigurationList = 24276653184869F900B2E158 /* Build configuration list for PBXProject "NewProject" */;
			compatibilityVersion = "Xcode 3.2";
			developmentRegion = English;
			hasScannedForEncodings = 0;
			knownRegions = (
				en,
			);
			mainGroup = 2427664F184869F900B2E158;
			productRefGroup = 24276659184869F900B2E158 /* Products */;
			projectDirPath = "";
			projectRoot = "";
			targets = (
				24276657184869F900B2E158 /* NewProject */,
				24276672184869F900B2E158 /* NewProjectTests */,
			);
		};
/* End PBXProject section */

/* Begin PBXResourcesBuildPhase section */
		24276656184869F900B2E158 /* Resources */ = {
			isa = PBXResourcesBuildPhase;
			buildActionMask = 2147483647;
			files = (
				24276666184869F900B2E158 /* InfoPlist.strings in Resources */,
				2489438418489614009BFAC3 /* line@2x.png in Resources */,
				2489438518489614009BFAC3 /* pick_bg@2x.png in Resources */,
				2427666E184869F900B2E158 /* Images.xcassets in Resources */,
				24134E7B184C28760062A115 /* zbar-samples.png in Resources */,
				24134E79184C28760062A115 /* zbar-help.html in Resources */,
				24134E78184C28760062A115 /* zbar-back.png in Resources */,
				24134E7A184C28760062A115 /* zbar-helpicons.png in Resources */,
			);
			runOnlyForDeploymentPostprocessing = 0;
		};
		24276671184869F900B2E158 /* Resources */ = {
			isa = PBXResourcesBuildPhase;
			buildActionMask = 2147483647;
			files = (
				2427667F184869F900B2E158 /* InfoPlist.strings in Resources */,
			);
			runOnlyForDeploymentPostprocessing = 0;
		};
/* End PBXResourcesBuildPhase section */

/* Begin PBXSourcesBuildPhase section */
		24276654184869F900B2E158 /* Sources */ = {
			isa = PBXSourcesBuildPhase;
			buildActionMask = 2147483647;
			files = (
				2427666C184869F900B2E158 /* AppDelegate.m in Sources */,
				24134E75184C28760062A115 /* rscode.c in Sources */,
				24134E72184C28760062A115 /* qrencode.c in Sources */,
				24134E70184C28760062A115 /* mask.c in Sources */,
				24134E6F184C28760062A115 /* bitstream.c in Sources */,
				24134E71184C28760062A115 /* QRCodeGenerator.m in Sources */,
				24134E74184C28760062A115 /* qrspec.c in Sources */,
				24276668184869F900B2E158 /* main.m in Sources */,
				2427669118487A9900B2E158 /* ViewController.m in Sources */,
				24134E73184C28760062A115 /* qrinput.c in Sources */,
				24134E76184C28760062A115 /* split.c in Sources */,
				2427668C18486A0700B2E158 /* RootViewController.m in Sources */,
			);
			runOnlyForDeploymentPostprocessing = 0;
		};
		2427666F184869F900B2E158 /* Sources */ = {
			isa = PBXSourcesBuildPhase;
			buildActionMask = 2147483647;
			files = (
				24276681184869F900B2E158 /* NewProjectTests.m in Sources */,
			);
			runOnlyForDeploymentPostprocessing = 0;
		};
/* End PBXSourcesBuildPhase section */

/* Begin PBXTargetDependency section */
		24276679184869F900B2E158 /* PBXTargetDependency */ = {
			isa = PBXTargetDependency;
			target = 24276657184869F900B2E158 /* NewProject */;
			targetProxy = 24276678184869F900B2E158 /* PBXContainerItemProxy */;
		};
/* End PBXTargetDependency section */

/* Begin PBXVariantGroup section */
		24276664184869F900B2E158 /* InfoPlist.strings */ = {
			isa = PBXVariantGroup;
			children = (
				24276665184869F900B2E158 /* en */,
			);
			name = InfoPlist.strings;
			sourceTree = "<group>";
		};
		2427667D184869F900B2E158 /* InfoPlist.strings */ = {
			isa = PBXVariantGroup;
			children = (
				2427667E184869F900B2E158 /* en */,
			);
			name = InfoPlist.strings;
			sourceTree = "<group>";
		};
/* End PBXVariantGroup section */

/* Begin XCBuildConfiguration section */
		24276682184869F900B2E158 /* Debug */ = {
			isa = XCBuildConfiguration;
			buildSettings = {
				ALWAYS_SEARCH_USER_PATHS = NO;
				ARCHS = "$(ARCHS_STANDARD_INCLUDING_64_BIT)";
				CLANG_CXX_LANGUAGE_STANDARD = "gnu++0x";
				CLANG_CXX_LIBRARY = "libc++";
				CLANG_ENABLE_MODULES = YES;
				CLANG_ENABLE_OBJC_ARC = YES;
				CLANG_WARN_BOOL_CONVERSION = YES;
				CLANG_WARN_CONSTANT_CONVERSION = YES;
				CLANG_WARN_DIRECT_OBJC_ISA_USAGE = YES_ERROR;
				CLANG_WARN_EMPTY_BODY = YES;
				CLANG_WARN_ENUM_CONVERSION = YES;
				CLANG_WARN_INT_CONVERSION = YES;
				CLANG_WARN_OBJC_ROOT_CLASS = YES_ERROR;
				CLANG_WARN__DUPLICATE_METHOD_MATCH = YES;
				"CODE_SIGN_IDENTITY[sdk=iphoneos*]" = "iPhone Developer";
				COPY_PHASE_STRIP = NO;
				GCC_C_LANGUAGE_STANDARD = gnu99;
				GCC_DYNAMIC_NO_PIC = NO;
				GCC_OPTIMIZATION_LEVEL = 0;
				GCC_PREPROCESSOR_DEFINITIONS = (
					"DEBUG=1",
					"$(inherited)",
				);
				GCC_SYMBOLS_PRIVATE_EXTERN = NO;
				GCC_WARN_64_TO_32_BIT_CONVERSION = YES;
				GCC_WARN_ABOUT_RETURN_TYPE = YES_ERROR;
				GCC_WARN_UNDECLARED_SELECTOR = YES;
				GCC_WARN_UNINITIALIZED_AUTOS = YES;
				GCC_WARN_UNUSED_FUNCTION = YES;
				GCC_WARN_UNUSED_VARIABLE = YES;
				IPHONEOS_DEPLOYMENT_TARGET = 6.0;
				ONLY_ACTIVE_ARCH = YES;
				SDKROOT = iphoneos;
				TARGETED_DEVICE_FAMILY = "1,2";
			};
			name = Debug;
		};
		24276683184869F900B2E158 /* Release */ = {
			isa = XCBuildConfiguration;
			buildSettings = {
				ALWAYS_SEARCH_USER_PATHS = NO;
				ARCHS = "$(ARCHS_STANDARD_INCLUDING_64_BIT)";
				CLANG_CXX_LANGUAGE_STANDARD = "gnu++0x";
				CLANG_CXX_LIBRARY = "libc++";
				CLANG_ENABLE_MODULES = YES;
				CLANG_ENABLE_OBJC_ARC = YES;
				CLANG_WARN_BOOL_CONVERSION = YES;
				CLANG_WARN_CONSTANT_CONVERSION = YES;
				CLANG_WARN_DIRECT_OBJC_ISA_USAGE = YES_ERROR;
				CLANG_WARN_EMPTY_BODY = YES;
				CLANG_WARN_ENUM_CONVERSION = YES;
				CLANG_WARN_INT_CONVERSION = YES;
				CLANG_WARN_OBJC_ROOT_CLASS = YES_ERROR;
				CLANG_WARN__DUPLICATE_METHOD_MATCH = YES;
				"CODE_SIGN_IDENTITY[sdk=iphoneos*]" = "iPhone Developer";
				COPY_PHASE_STRIP = YES;
				ENABLE_NS_ASSERTIONS = NO;
				GCC_C_LANGUAGE_STANDARD = gnu99;
				GCC_WARN_64_TO_32_BIT_CONVERSION = YES;
				GCC_WARN_ABOUT_RETURN_TYPE = YES_ERROR;
				GCC_WARN_UNDECLARED_SELECTOR = YES;
				GCC_WARN_UNINITIALIZED_AUTOS = YES;
				GCC_WARN_UNUSED_FUNCTION = YES;
				GCC_WARN_UNUSED_VARIABLE = YES;
				IPHONEOS_DEPLOYMENT_TARGET = 6.0;
				SDKROOT = iphoneos;
				TARGETED_DEVICE_FAMILY = "1,2";
				VALIDATE_PRODUCT = YES;
			};
			name = Release;
		};
		24276685184869F900B2E158 /* Debug */ = {
			isa = XCBuildConfiguration;
			buildSettings = {
				ARCHS = "$(ARCHS_STANDARD)";
				ASSETCATALOG_COMPILER_APPICON_NAME = AppIcon;
				ASSETCATALOG_COMPILER_LAUNCHIMAGE_NAME = LaunchImage;
				GCC_PRECOMPILE_PREFIX_HEADER = YES;
				GCC_PREFIX_HEADER = "NewProject/NewProject-Prefix.pch";
				INFOPLIST_FILE = "NewProject/NewProject-Info.plist";
				IPHONEOS_DEPLOYMENT_TARGET = 6.0;
				LIBRARY_SEARCH_PATHS = (
					"$(inherited)",
					./ZBarSDK,
				);
				PRODUCT_NAME = "$(TARGET_NAME)";
				WRAPPER_EXTENSION = app;
			};
			name = Debug;
		};
		24276686184869F900B2E158 /* Release */ = {
			isa = XCBuildConfiguration;
			buildSettings = {
				ARCHS = "$(ARCHS_STANDARD)";
				ASSETCATALOG_COMPILER_APPICON_NAME = AppIcon;
				ASSETCATALOG_COMPILER_LAUNCHIMAGE_NAME = LaunchImage;
				GCC_PRECOMPILE_PREFIX_HEADER = YES;
				GCC_PREFIX_HEADER = "NewProject/NewProject-Prefix.pch";
				INFOPLIST_FILE = "NewProject/NewProject-Info.plist";
				IPHONEOS_DEPLOYMENT_TARGET = 6.0;
				LIBRARY_SEARCH_PATHS = (
					"$(inherited)",
					./ZBarSDK,
				);
				PRODUCT_NAME = "$(TARGET_NAME)";
				WRAPPER_EXTENSION = app;
			};
			name = Release;
		};
		24276688184869F900B2E158 /* Debug */ = {
			isa = XCBuildConfiguration;
			buildSettings = {
				ARCHS = "$(ARCHS_STANDARD_INCLUDING_64_BIT)";
				BUNDLE_LOADER = "$(BUILT_PRODUCTS_DIR)/NewProject.app/NewProject";
				FRAMEWORK_SEARCH_PATHS = (
					"$(SDKROOT)/Developer/Library/Frameworks",
					"$(inherited)",
					"$(DEVELOPER_FRAMEWORKS_DIR)",
				);
				GCC_PRECOMPILE_PREFIX_HEADER = YES;
				GCC_PREFIX_HEADER = "NewProject/NewProject-Prefix.pch";
				GCC_PREPROCESSOR_DEFINITIONS = (
					"DEBUG=1",
					"$(inherited)",
				);
				INFOPLIST_FILE = "NewProjectTests/NewProjectTests-Info.plist";
				PRODUCT_NAME = "$(TARGET_NAME)";
				TEST_HOST = "$(BUNDLE_LOADER)";
				WRAPPER_EXTENSION = xctest;
			};
			name = Debug;
		};
		24276689184869F900B2E158 /* Release */ = {
			isa = XCBuildConfiguration;
			buildSettings = {
				ARCHS = "$(ARCHS_STANDARD_INCLUDING_64_BIT)";
				BUNDLE_LOADER = "$(BUILT_PRODUCTS_DIR)/NewProject.app/NewProject";
				FRAMEWORK_SEARCH_PATHS = (
					"$(SDKROOT)/Developer/Library/Frameworks",
					"$(inherited)",
					"$(DEVELOPER_FRAMEWORKS_DIR)",
				);
				GCC_PRECOMPILE_PREFIX_HEADER = YES;
				GCC_PREFIX_HEADER = "NewProject/NewProject-Prefix.pch";
				INFOPLIST_FILE = "NewProjectTests/NewProjectTests-Info.plist";
				PRODUCT_NAME = "$(TARGET_NAME)";
				TEST_HOST = "$(BUNDLE_LOADER)";
				WRAPPER_EXTENSION = xctest;
			};
			name = Release;
		};
/* End XCBuildConfiguration section */

/* Begin XCConfigurationList section */
		24276653184869F900B2E158 /* Build configuration list for PBXProject "NewProject" */ = {
			isa = XCConfigurationList;
			buildConfigurations = (
				24276682184869F900B2E158 /* Debug */,
				24276683184869F900B2E158 /* Release */,
			);
			defaultConfigurationIsVisible = 0;
			defaultConfigurationName = Release;
		};
		24276684184869F900B2E158 /* Build configuration list for PBXNativeTarget "NewProject" */ = {
			isa = XCConfigurationList;
			buildConfigurations = (
				24276685184869F900B2E158 /* Debug */,
				24276686184869F900B2E158 /* Release */,
			);
			defaultConfigurationIsVisible = 0;
			defaultConfigurationName = Release;
		};
		24276687184869F900B2E158 /* Build configuration list for PBXNativeTarget "NewProjectTests" */ = {
			isa = XCConfigurationList;
			buildConfigurations = (
				24276688184869F900B2E158 /* Debug */,
				24276689184869F900B2E158 /* Release */,
			);
			defaultConfigurationIsVisible = 0;
			defaultConfigurationName = Release;
		};
/* End XCConfigurationList section */
	};
	rootObject = 24276650184869F900B2E158 /* Project object */;
}
